
Microsoft Visual Studio Solution File, Format Version 12.00
# Visual Studio Version 17
VisualStudioVersion = 17.10.34814.14
MinimumVisualStudioVersion = 10.0.40219.1
Project("{9A19103F-16F7-4668-BE54-9A1E7A4F7556}") = "HabitTracker", "HabitTracker\HabitTracker.csproj", "{1F7EA047-D979-4561-90CC-388AA10D07E3}"
EndProject
Global
	GlobalSection(SolutionConfigurationPlatforms) = preSolution
		Debug|Any CPU = Debug|Any CPU
		Release|Any CPU = Release|Any CPU
	EndGlobalSection
	GlobalSection(ProjectConfigurationPlatforms) = postSolution
		{1F7EA047-D979-4561-90CC-388AA10D07E3}.Debug|Any CPU.ActiveCfg = Debug|Any CPU
		{1F7EA047-D979-4561-90CC-388AA10D07E3}.Debug|Any CPU.Build.0 = Debug|Any CPU
		{1F7EA047-D979-4561-90CC-388AA10D07E3}.Release|Any CPU.ActiveCfg = Release|Any CPU
		{1F7EA047-D979-4561-90CC-388AA10D07E3}.Release|Any CPU.Build.0 = Release|Any CPU
	EndGlobalSection
	GlobalSection(SolutionProperties) = preSolution
		HideSolutionNode = FALSE
	EndGlobalSection
	GlobalSection(ExtensibilityGlobals) = postSolution
		SolutionGuid = {EC25BC35-B575-4CF5-B3A1-6CC14A44F45E}
	EndGlobalSection
EndGlobal
